// !$*UTF8*$!
{
	archiveVersion = 1;
	classes = {
	};
	objectVersion = 51;
	objects = {

/* Begin PBXBuildFile section */
		179F323B24830C14000A9D82 /* Home.storyboard in Resources */ = {isa = PBXBuildFile; fileRef = 179F323A24830C14000A9D82 /* Home.storyboard */; };
		179F324224832608000A9D82 /* HomeVC.swift in Sources */ = {isa = PBXBuildFile; fileRef = 179F324124832608000A9D82 /* HomeVC.swift */; };
		179F3244248329A1000A9D82 /* FirstCollectionViewCell.swift in Sources */ = {isa = PBXBuildFile; fileRef = 179F3243248329A1000A9D82 /* FirstCollectionViewCell.swift */; };
		179F3246248329B6000A9D82 /* SecondCollectionViewCell.swift in Sources */ = {isa = PBXBuildFile; fileRef = 179F3245248329B6000A9D82 /* SecondCollectionViewCell.swift */; };
		179F3248248329CB000A9D82 /* ThirdCollectionViewCell.swift in Sources */ = {isa = PBXBuildFile; fileRef = 179F3247248329CB000A9D82 /* ThirdCollectionViewCell.swift */; };
		179F324A2483313F000A9D82 /* SignIn.storyboard in Resources */ = {isa = PBXBuildFile; fileRef = 179F32492483313F000A9D82 /* SignIn.storyboard */; };
		179F324E24833182000A9D82 /* SignInVC.swift in Sources */ = {isa = PBXBuildFile; fileRef = 179F324D24833182000A9D82 /* SignInVC.swift */; };
		5B315B1C2484571C00218851 /* ViewController.swift in Sources */ = {isa = PBXBuildFile; fileRef = 5B315B1B2484571C00218851 /* ViewController.swift */; };
		5B315B1E2484595E00218851 /* Academy.swift in Sources */ = {isa = PBXBuildFile; fileRef = 5B315B1D2484595E00218851 /* Academy.swift */; };
		5B63110F248164A30073D4C7 /* EditCourse.storyboard in Resources */ = {isa = PBXBuildFile; fileRef = 5B631102248164A20073D4C7 /* EditCourse.storyboard */; };
		5B631110248164A30073D4C7 /* EditEvent.storyboard in Resources */ = {isa = PBXBuildFile; fileRef = 5B631103248164A30073D4C7 /* EditEvent.storyboard */; };
		5B631111248164A30073D4C7 /* CreateEventVC.swift in Sources */ = {isa = PBXBuildFile; fileRef = 5B631105248164A30073D4C7 /* CreateEventVC.swift */; };
		5B631112248164A30073D4C7 /* UndeLinedTextfield.swift in Sources */ = {isa = PBXBuildFile; fileRef = 5B631106248164A30073D4C7 /* UndeLinedTextfield.swift */; };
		5B631113248164A30073D4C7 /* EditCourseVC.swift in Sources */ = {isa = PBXBuildFile; fileRef = 5B631107248164A30073D4C7 /* EditCourseVC.swift */; };
		5B631114248164A30073D4C7 /* RoundedView.swift in Sources */ = {isa = PBXBuildFile; fileRef = 5B631108248164A30073D4C7 /* RoundedView.swift */; };
		5B631115248164A30073D4C7 /* EditEventVC.swift in Sources */ = {isa = PBXBuildFile; fileRef = 5B631109248164A30073D4C7 /* EditEventVC.swift */; };
		5B631116248164A30073D4C7 /* RoundedTextField.swift in Sources */ = {isa = PBXBuildFile; fileRef = 5B63110A248164A30073D4C7 /* RoundedTextField.swift */; };
		5B631117248164A30073D4C7 /* RoundedButton.swift in Sources */ = {isa = PBXBuildFile; fileRef = 5B63110B248164A30073D4C7 /* RoundedButton.swift */; };
		5B631118248164A30073D4C7 /* EditAcademyVC.swift in Sources */ = {isa = PBXBuildFile; fileRef = 5B63110C248164A30073D4C7 /* EditAcademyVC.swift */; };
		5B631119248164A30073D4C7 /* CreateEvent.storyboard in Resources */ = {isa = PBXBuildFile; fileRef = 5B63110D248164A30073D4C7 /* CreateEvent.storyboard */; };
		5B63111A248164A30073D4C7 /* EditAcademy.storyboard in Resources */ = {isa = PBXBuildFile; fileRef = 5B63110E248164A30073D4C7 /* EditAcademy.storyboard */; };
		5C01DEDC2481C7BC008BCA49 /* Main.storyboard in Resources */ = {isa = PBXBuildFile; fileRef = 5C01DEDB2481C7BB008BCA49 /* Main.storyboard */; };
		5C01DEDE2481CC60008BCA49 /* LaunchScreen.storyboard in Resources */ = {isa = PBXBuildFile; fileRef = 5C01DEDD2481CC5F008BCA49 /* LaunchScreen.storyboard */; };
		5C8745DE2485BFAF00F7C39A /* GoogleService-Info.plist in Resources */ = {isa = PBXBuildFile; fileRef = 5C8745DD2485BFAE00F7C39A /* GoogleService-Info.plist */; };
		5C8745E02485C24C00F7C39A /* AlertController.swift in Sources */ = {isa = PBXBuildFile; fileRef = 5C8745DF2485C24B00F7C39A /* AlertController.swift */; };
		5C8745E22485C56400F7C39A /* FinalSignupStoryboard.storyboard in Resources */ = {isa = PBXBuildFile; fileRef = 5C8745E12485C56300F7C39A /* FinalSignupStoryboard.storyboard */; };
		5C8745E42485C5D700F7C39A /* FinalSignupViewController.swift in Sources */ = {isa = PBXBuildFile; fileRef = 5C8745E32485C5D600F7C39A /* FinalSignupViewController.swift */; };
		5C8745E62485C70500F7C39A /* WaitViewController.swift in Sources */ = {isa = PBXBuildFile; fileRef = 5C8745E52485C70400F7C39A /* WaitViewController.swift */; };
		5CACB291247CDD030026ED02 /* SecondSignupViewController.swift in Sources */ = {isa = PBXBuildFile; fileRef = 5CACB290247CDD030026ED02 /* SecondSignupViewController.swift */; };
		880C50D12484B56800CAA906 /* CourseCellTableViewCell.swift in Sources */ = {isa = PBXBuildFile; fileRef = 880C50D02484B56800CAA906 /* CourseCellTableViewCell.swift */; };
		880C50D32485248F00CAA906 /* EventCellTableViewCell.swift in Sources */ = {isa = PBXBuildFile; fileRef = 880C50D22485248F00CAA906 /* EventCellTableViewCell.swift */; };
		880C50D524852A2900CAA906 /* EventCollectionViewCell.swift in Sources */ = {isa = PBXBuildFile; fileRef = 880C50D424852A2900CAA906 /* EventCollectionViewCell.swift */; };
		88408A8F2481923A007A5578 /* Course.storyboard in Resources */ = {isa = PBXBuildFile; fileRef = 88408A8E2481923A007A5578 /* Course.storyboard */; };
		88408A912481936B007A5578 /* Event.storyboard in Resources */ = {isa = PBXBuildFile; fileRef = 88408A902481936B007A5578 /* Event.storyboard */; };
		8890B82A247857050072C872 /* AppDelegate.swift in Sources */ = {isa = PBXBuildFile; fileRef = 8890B829247857050072C872 /* AppDelegate.swift */; };
		8890B831247857060072C872 /* Assets.xcassets in Resources */ = {isa = PBXBuildFile; fileRef = 8890B830247857060072C872 /* Assets.xcassets */; };
		8890B83F247857060072C872 /* KidzoonaAcademyTests.swift in Sources */ = {isa = PBXBuildFile; fileRef = 8890B83E247857060072C872 /* KidzoonaAcademyTests.swift */; };
		8890B84A247857060072C872 /* KidzoonaAcademyUITests.swift in Sources */ = {isa = PBXBuildFile; fileRef = 8890B849247857060072C872 /* KidzoonaAcademyUITests.swift */; };
		8893DCFE2481D4BC00FDA6A8 /* EventListViewController.swift in Sources */ = {isa = PBXBuildFile; fileRef = 8893DCFD2481D4BC00FDA6A8 /* EventListViewController.swift */; };
		8893DD002481D54300FDA6A8 /* CardCell.swift in Sources */ = {isa = PBXBuildFile; fileRef = 8893DCFF2481D54300FDA6A8 /* CardCell.swift */; };
		8893DD022481E9F200FDA6A8 /* EventProfileViewController.swift in Sources */ = {isa = PBXBuildFile; fileRef = 8893DD012481E9F200FDA6A8 /* EventProfileViewController.swift */; };
		8893DD062481FAA800FDA6A8 /* CourseListViewController.swift in Sources */ = {isa = PBXBuildFile; fileRef = 8893DD052481FAA800FDA6A8 /* CourseListViewController.swift */; };
		8893DD08248206D500FDA6A8 /* CourseProfileViewController.swift in Sources */ = {isa = PBXBuildFile; fileRef = 8893DD07248206D500FDA6A8 /* CourseProfileViewController.swift */; };
		88BE0FB024827F3E0064C979 /* Settings.storyboard in Resources */ = {isa = PBXBuildFile; fileRef = 88BE0FAF24827F3E0064C979 /* Settings.storyboard */; };
		88BE0FB2248288680064C979 /* SettigsViewController.swift in Sources */ = {isa = PBXBuildFile; fileRef = 88BE0FB1248288680064C979 /* SettigsViewController.swift */; };
		88BE0FB4248288EF0064C979 /* AcademyProfile.storyboard in Resources */ = {isa = PBXBuildFile; fileRef = 88BE0FB3248288EF0064C979 /* AcademyProfile.storyboard */; };
		88BE0FB6248289CF0064C979 /* AcademyProfileViewController.swift in Sources */ = {isa = PBXBuildFile; fileRef = 88BE0FB5248289CF0064C979 /* AcademyProfileViewController.swift */; };
		88BE0FB824828C590064C979 /* CreateCourse.storyboard in Resources */ = {isa = PBXBuildFile; fileRef = 88BE0FB724828C590064C979 /* CreateCourse.storyboard */; };
		88BE0FBA24828CC40064C979 /* CreateCourseViewController.swift in Sources */ = {isa = PBXBuildFile; fileRef = 88BE0FB924828CC40064C979 /* CreateCourseViewController.swift */; };
		C17D18C3CE0087D0DCE9E02B /* Pods_KidzoonaAcademy.framework in Frameworks */ = {isa = PBXBuildFile; fileRef = 1F916A3D89D04BD37D1B6D11 /* Pods_KidzoonaAcademy.framework */; };
/* End PBXBuildFile section */

/* Begin PBXContainerItemProxy section */
		8890B83B247857060072C872 /* PBXContainerItemProxy */ = {
			isa = PBXContainerItemProxy;
			containerPortal = 8890B81E247857050072C872 /* Project object */;
			proxyType = 1;
			remoteGlobalIDString = 8890B825247857050072C872;
			remoteInfo = KidzoonaAcademy;
		};
		8890B846247857060072C872 /* PBXContainerItemProxy */ = {
			isa = PBXContainerItemProxy;
			containerPortal = 8890B81E247857050072C872 /* Project object */;
			proxyType = 1;
			remoteGlobalIDString = 8890B825247857050072C872;
			remoteInfo = KidzoonaAcademy;
		};
/* End PBXContainerItemProxy section */

/* Begin PBXFileReference section */
		14EE271F7989A994E9A0C28D /* Pods-KidzoonaAcademy.release.xcconfig */ = {isa = PBXFileReference; includeInIndex = 1; lastKnownFileType = text.xcconfig; name = "Pods-KidzoonaAcademy.release.xcconfig"; path = "Target Support Files/Pods-KidzoonaAcademy/Pods-KidzoonaAcademy.release.xcconfig"; sourceTree = "<group>"; };
		179F323A24830C14000A9D82 /* Home.storyboard */ = {isa = PBXFileReference; lastKnownFileType = file.storyboard; path = Home.storyboard; sourceTree = "<group>"; };
		179F324124832608000A9D82 /* HomeVC.swift */ = {isa = PBXFileReference; lastKnownFileType = sourcecode.swift; path = HomeVC.swift; sourceTree = "<group>"; };
		179F3243248329A1000A9D82 /* FirstCollectionViewCell.swift */ = {isa = PBXFileReference; lastKnownFileType = sourcecode.swift; path = FirstCollectionViewCell.swift; sourceTree = "<group>"; };
		179F3245248329B6000A9D82 /* SecondCollectionViewCell.swift */ = {isa = PBXFileReference; lastKnownFileType = sourcecode.swift; path = SecondCollectionViewCell.swift; sourceTree = "<group>"; };
		179F3247248329CB000A9D82 /* ThirdCollectionViewCell.swift */ = {isa = PBXFileReference; lastKnownFileType = sourcecode.swift; path = ThirdCollectionViewCell.swift; sourceTree = "<group>"; };
		179F32492483313F000A9D82 /* SignIn.storyboard */ = {isa = PBXFileReference; lastKnownFileType = file.storyboard; path = SignIn.storyboard; sourceTree = "<group>"; };
		179F324D24833182000A9D82 /* SignInVC.swift */ = {isa = PBXFileReference; lastKnownFileType = sourcecode.swift; path = SignInVC.swift; sourceTree = "<group>"; };
		1F916A3D89D04BD37D1B6D11 /* Pods_KidzoonaAcademy.framework */ = {isa = PBXFileReference; explicitFileType = wrapper.framework; includeInIndex = 0; path = Pods_KidzoonaAcademy.framework; sourceTree = BUILT_PRODUCTS_DIR; };
		5B315B1B2484571C00218851 /* ViewController.swift */ = {isa = PBXFileReference; fileEncoding = 4; lastKnownFileType = sourcecode.swift; name = ViewController.swift; path = Auth/Home/ViewController.swift; sourceTree = "<group>"; };
		5B315B1D2484595E00218851 /* Academy.swift */ = {isa = PBXFileReference; lastKnownFileType = sourcecode.swift; path = Academy.swift; sourceTree = "<group>"; };
		5B631102248164A20073D4C7 /* EditCourse.storyboard */ = {isa = PBXFileReference; fileEncoding = 4; lastKnownFileType = file.storyboard; name = EditCourse.storyboard; path = KidzoonaAcademy/StoryBoards/EditCourse.storyboard; sourceTree = SOURCE_ROOT; };
		5B631103248164A30073D4C7 /* EditEvent.storyboard */ = {isa = PBXFileReference; fileEncoding = 4; lastKnownFileType = file.storyboard; name = EditEvent.storyboard; path = KidzoonaAcademy/StoryBoards/EditEvent.storyboard; sourceTree = SOURCE_ROOT; };
		5B631105248164A30073D4C7 /* CreateEventVC.swift */ = {isa = PBXFileReference; fileEncoding = 4; lastKnownFileType = sourcecode.swift; path = CreateEventVC.swift; sourceTree = "<group>"; };
		5B631106248164A30073D4C7 /* UndeLinedTextfield.swift */ = {isa = PBXFileReference; fileEncoding = 4; lastKnownFileType = sourcecode.swift; path = UndeLinedTextfield.swift; sourceTree = "<group>"; };
		5B631107248164A30073D4C7 /* EditCourseVC.swift */ = {isa = PBXFileReference; fileEncoding = 4; lastKnownFileType = sourcecode.swift; path = EditCourseVC.swift; sourceTree = "<group>"; };
		5B631108248164A30073D4C7 /* RoundedView.swift */ = {isa = PBXFileReference; fileEncoding = 4; lastKnownFileType = sourcecode.swift; path = RoundedView.swift; sourceTree = "<group>"; };
		5B631109248164A30073D4C7 /* EditEventVC.swift */ = {isa = PBXFileReference; fileEncoding = 4; lastKnownFileType = sourcecode.swift; path = EditEventVC.swift; sourceTree = "<group>"; };
		5B63110A248164A30073D4C7 /* RoundedTextField.swift */ = {isa = PBXFileReference; fileEncoding = 4; lastKnownFileType = sourcecode.swift; path = RoundedTextField.swift; sourceTree = "<group>"; };
		5B63110B248164A30073D4C7 /* RoundedButton.swift */ = {isa = PBXFileReference; fileEncoding = 4; lastKnownFileType = sourcecode.swift; path = RoundedButton.swift; sourceTree = "<group>"; };
		5B63110C248164A30073D4C7 /* EditAcademyVC.swift */ = {isa = PBXFileReference; fileEncoding = 4; lastKnownFileType = sourcecode.swift; path = EditAcademyVC.swift; sourceTree = "<group>"; };
		5B63110D248164A30073D4C7 /* CreateEvent.storyboard */ = {isa = PBXFileReference; fileEncoding = 4; lastKnownFileType = file.storyboard; name = CreateEvent.storyboard; path = KidzoonaAcademy/StoryBoards/CreateEvent.storyboard; sourceTree = SOURCE_ROOT; };
		5B63110E248164A30073D4C7 /* EditAcademy.storyboard */ = {isa = PBXFileReference; fileEncoding = 4; lastKnownFileType = file.storyboard; name = EditAcademy.storyboard; path = KidzoonaAcademy/StoryBoards/EditAcademy.storyboard; sourceTree = SOURCE_ROOT; };
		5C01DEDB2481C7BB008BCA49 /* Main.storyboard */ = {isa = PBXFileReference; fileEncoding = 4; lastKnownFileType = file.storyboard; path = Main.storyboard; sourceTree = "<group>"; };
		5C01DEDD2481CC5F008BCA49 /* LaunchScreen.storyboard */ = {isa = PBXFileReference; fileEncoding = 4; lastKnownFileType = file.storyboard; path = LaunchScreen.storyboard; sourceTree = "<group>"; };
		5C8745DD2485BFAE00F7C39A /* GoogleService-Info.plist */ = {isa = PBXFileReference; fileEncoding = 4; lastKnownFileType = text.plist.xml; path = "GoogleService-Info.plist"; sourceTree = "<group>"; };
		5C8745DF2485C24B00F7C39A /* AlertController.swift */ = {isa = PBXFileReference; fileEncoding = 4; lastKnownFileType = sourcecode.swift; path = AlertController.swift; sourceTree = "<group>"; };
		5C8745E12485C56300F7C39A /* FinalSignupStoryboard.storyboard */ = {isa = PBXFileReference; fileEncoding = 4; lastKnownFileType = file.storyboard; path = FinalSignupStoryboard.storyboard; sourceTree = "<group>"; };
		5C8745E32485C5D600F7C39A /* FinalSignupViewController.swift */ = {isa = PBXFileReference; fileEncoding = 4; lastKnownFileType = sourcecode.swift; path = FinalSignupViewController.swift; sourceTree = "<group>"; };
		5C8745E52485C70400F7C39A /* WaitViewController.swift */ = {isa = PBXFileReference; fileEncoding = 4; lastKnownFileType = sourcecode.swift; path = WaitViewController.swift; sourceTree = "<group>"; };
		5CACB290247CDD030026ED02 /* SecondSignupViewController.swift */ = {isa = PBXFileReference; lastKnownFileType = sourcecode.swift; path = SecondSignupViewController.swift; sourceTree = "<group>"; };
		7A32CEC735917ED46814EB30 /* Pods-KidzoonaAcademy.debug.xcconfig */ = {isa = PBXFileReference; includeInIndex = 1; lastKnownFileType = text.xcconfig; name = "Pods-KidzoonaAcademy.debug.xcconfig"; path = "Target Support Files/Pods-KidzoonaAcademy/Pods-KidzoonaAcademy.debug.xcconfig"; sourceTree = "<group>"; };
		880C50D02484B56800CAA906 /* CourseCellTableViewCell.swift */ = {isa = PBXFileReference; lastKnownFileType = sourcecode.swift; path = CourseCellTableViewCell.swift; sourceTree = "<group>"; };
		880C50D22485248F00CAA906 /* EventCellTableViewCell.swift */ = {isa = PBXFileReference; lastKnownFileType = sourcecode.swift; path = EventCellTableViewCell.swift; sourceTree = "<group>"; };
		880C50D424852A2900CAA906 /* EventCollectionViewCell.swift */ = {isa = PBXFileReference; lastKnownFileType = sourcecode.swift; path = EventCollectionViewCell.swift; sourceTree = "<group>"; };
		88408A8E2481923A007A5578 /* Course.storyboard */ = {isa = PBXFileReference; lastKnownFileType = file.storyboard; path = Course.storyboard; sourceTree = "<group>"; };
		88408A902481936B007A5578 /* Event.storyboard */ = {isa = PBXFileReference; lastKnownFileType = file.storyboard; path = Event.storyboard; sourceTree = "<group>"; };
		8890B826247857050072C872 /* KidzoonaAcademy.app */ = {isa = PBXFileReference; explicitFileType = wrapper.application; includeInIndex = 0; path = KidzoonaAcademy.app; sourceTree = BUILT_PRODUCTS_DIR; };
		8890B829247857050072C872 /* AppDelegate.swift */ = {isa = PBXFileReference; lastKnownFileType = sourcecode.swift; path = AppDelegate.swift; sourceTree = "<group>"; };
		8890B830247857060072C872 /* Assets.xcassets */ = {isa = PBXFileReference; lastKnownFileType = folder.assetcatalog; path = Assets.xcassets; sourceTree = "<group>"; };
		8890B835247857060072C872 /* Info.plist */ = {isa = PBXFileReference; lastKnownFileType = text.plist.xml; path = Info.plist; sourceTree = "<group>"; };
		8890B83A247857060072C872 /* KidzoonaAcademyTests.xctest */ = {isa = PBXFileReference; explicitFileType = wrapper.cfbundle; includeInIndex = 0; path = KidzoonaAcademyTests.xctest; sourceTree = BUILT_PRODUCTS_DIR; };
		8890B83E247857060072C872 /* KidzoonaAcademyTests.swift */ = {isa = PBXFileReference; lastKnownFileType = sourcecode.swift; path = KidzoonaAcademyTests.swift; sourceTree = "<group>"; };
		8890B840247857060072C872 /* Info.plist */ = {isa = PBXFileReference; lastKnownFileType = text.plist.xml; path = Info.plist; sourceTree = "<group>"; };
		8890B845247857060072C872 /* KidzoonaAcademyUITests.xctest */ = {isa = PBXFileReference; explicitFileType = wrapper.cfbundle; includeInIndex = 0; path = KidzoonaAcademyUITests.xctest; sourceTree = BUILT_PRODUCTS_DIR; };
		8890B849247857060072C872 /* KidzoonaAcademyUITests.swift */ = {isa = PBXFileReference; lastKnownFileType = sourcecode.swift; path = KidzoonaAcademyUITests.swift; sourceTree = "<group>"; };
		8890B84B247857060072C872 /* Info.plist */ = {isa = PBXFileReference; lastKnownFileType = text.plist.xml; path = Info.plist; sourceTree = "<group>"; };
		8893DCFD2481D4BC00FDA6A8 /* EventListViewController.swift */ = {isa = PBXFileReference; lastKnownFileType = sourcecode.swift; path = EventListViewController.swift; sourceTree = "<group>"; };
		8893DCFF2481D54300FDA6A8 /* CardCell.swift */ = {isa = PBXFileReference; lastKnownFileType = sourcecode.swift; path = CardCell.swift; sourceTree = "<group>"; };
		8893DD012481E9F200FDA6A8 /* EventProfileViewController.swift */ = {isa = PBXFileReference; lastKnownFileType = sourcecode.swift; path = EventProfileViewController.swift; sourceTree = "<group>"; };
		8893DD052481FAA800FDA6A8 /* CourseListViewController.swift */ = {isa = PBXFileReference; lastKnownFileType = sourcecode.swift; path = CourseListViewController.swift; sourceTree = "<group>"; };
		8893DD07248206D500FDA6A8 /* CourseProfileViewController.swift */ = {isa = PBXFileReference; lastKnownFileType = sourcecode.swift; path = CourseProfileViewController.swift; sourceTree = "<group>"; };
		88BE0FAF24827F3E0064C979 /* Settings.storyboard */ = {isa = PBXFileReference; lastKnownFileType = file.storyboard; path = Settings.storyboard; sourceTree = "<group>"; };
		88BE0FB1248288680064C979 /* SettigsViewController.swift */ = {isa = PBXFileReference; lastKnownFileType = sourcecode.swift; path = SettigsViewController.swift; sourceTree = "<group>"; };
		88BE0FB3248288EF0064C979 /* AcademyProfile.storyboard */ = {isa = PBXFileReference; lastKnownFileType = file.storyboard; path = AcademyProfile.storyboard; sourceTree = "<group>"; };
		88BE0FB5248289CF0064C979 /* AcademyProfileViewController.swift */ = {isa = PBXFileReference; lastKnownFileType = sourcecode.swift; path = AcademyProfileViewController.swift; sourceTree = "<group>"; };
		88BE0FB724828C590064C979 /* CreateCourse.storyboard */ = {isa = PBXFileReference; lastKnownFileType = file.storyboard; path = CreateCourse.storyboard; sourceTree = "<group>"; };
		88BE0FB924828CC40064C979 /* CreateCourseViewController.swift */ = {isa = PBXFileReference; lastKnownFileType = sourcecode.swift; path = CreateCourseViewController.swift; sourceTree = "<group>"; };
/* End PBXFileReference section */

/* Begin PBXFrameworksBuildPhase section */
		8890B823247857050072C872 /* Frameworks */ = {
			isa = PBXFrameworksBuildPhase;
			buildActionMask = 2147483647;
			files = (
				C17D18C3CE0087D0DCE9E02B /* Pods_KidzoonaAcademy.framework in Frameworks */,
			);
			runOnlyForDeploymentPostprocessing = 0;
		};
		8890B837247857060072C872 /* Frameworks */ = {
			isa = PBXFrameworksBuildPhase;
			buildActionMask = 2147483647;
			files = (
			);
			runOnlyForDeploymentPostprocessing = 0;
		};
		8890B842247857060072C872 /* Frameworks */ = {
			isa = PBXFrameworksBuildPhase;
			buildActionMask = 2147483647;
			files = (
			);
			runOnlyForDeploymentPostprocessing = 0;
		};
/* End PBXFrameworksBuildPhase section */

/* Begin PBXGroup section */
		008F0278DC164122FDFDE65B /* Pods */ = {
			isa = PBXGroup;
			children = (
				7A32CEC735917ED46814EB30 /* Pods-KidzoonaAcademy.debug.xcconfig */,
				14EE271F7989A994E9A0C28D /* Pods-KidzoonaAcademy.release.xcconfig */,
			);
			path = Pods;
			sourceTree = "<group>";
		};
		179F323E24832599000A9D82 /* Home */ = {
			isa = PBXGroup;
			children = (
				179F324124832608000A9D82 /* HomeVC.swift */,
				179F3243248329A1000A9D82 /* FirstCollectionViewCell.swift */,
				179F3245248329B6000A9D82 /* SecondCollectionViewCell.swift */,
				179F3247248329CB000A9D82 /* ThirdCollectionViewCell.swift */,
			);
			path = Home;
			sourceTree = "<group>";
		};
		179F324B24833149000A9D82 /* Auth */ = {
			isa = PBXGroup;
			children = (
				5C8745E72485CA3E00F7C39A /* SignUp */,
				179F324C24833160000A9D82 /* SignIn */,
				179F323E24832599000A9D82 /* Home */,
			);
			path = Auth;
			sourceTree = "<group>";
		};
		179F324C24833160000A9D82 /* SignIn */ = {
			isa = PBXGroup;
			children = (
				179F324D24833182000A9D82 /* SignInVC.swift */,
			);
			path = SignIn;
			sourceTree = "<group>";
		};
		5B631104248164A30073D4C7 /* Designs */ = {
			isa = PBXGroup;
			children = (
				5B631106248164A30073D4C7 /* UndeLinedTextfield.swift */,
				5B631108248164A30073D4C7 /* RoundedView.swift */,
				5B63110A248164A30073D4C7 /* RoundedTextField.swift */,
				5B63110B248164A30073D4C7 /* RoundedButton.swift */,
				8893DCFF2481D54300FDA6A8 /* CardCell.swift */,
			);
			path = Designs;
			sourceTree = SOURCE_ROOT;
		};
		5C8745E72485CA3E00F7C39A /* SignUp */ = {
			isa = PBXGroup;
			children = (
				5C8745E32485C5D600F7C39A /* FinalSignupViewController.swift */,
				5C8745E52485C70400F7C39A /* WaitViewController.swift */,
				8890B82B247857050072C872 /* ViewController.swift */,
			);
			path = SignUp;
			sourceTree = "<group>";
		};
		88408A8924818F64007A5578 /* StoryBoards */ = {
			isa = PBXGroup;
			children = (
				5C01DEDB2481C7BB008BCA49 /* Main.storyboard */,
				5C01DEDD2481CC5F008BCA49 /* LaunchScreen.storyboard */,
				5B63110E248164A30073D4C7 /* EditAcademy.storyboard */,
				5B63110D248164A30073D4C7 /* CreateEvent.storyboard */,
				5B631102248164A20073D4C7 /* EditCourse.storyboard */,
				5B631103248164A30073D4C7 /* EditEvent.storyboard */,
				88408A8E2481923A007A5578 /* Course.storyboard */,
				88408A902481936B007A5578 /* Event.storyboard */,
				88BE0FAF24827F3E0064C979 /* Settings.storyboard */,
				88BE0FB3248288EF0064C979 /* AcademyProfile.storyboard */,
				88BE0FB724828C590064C979 /* CreateCourse.storyboard */,
				179F323A24830C14000A9D82 /* Home.storyboard */,
				179F32492483313F000A9D82 /* SignIn.storyboard */,
				5C8745E12485C56300F7C39A /* FinalSignupStoryboard.storyboard */,
			);
			path = StoryBoards;
			sourceTree = "<group>";
		};
		88408A8A2481901E007A5578 /* Scenes */ = {
			isa = PBXGroup;
			children = (
				179F324B24833149000A9D82 /* Auth */,
				5B631105248164A30073D4C7 /* CreateEventVC.swift */,
				5B631107248164A30073D4C7 /* EditCourseVC.swift */,
				5B631109248164A30073D4C7 /* EditEventVC.swift */,
				5B63110C248164A30073D4C7 /* EditAcademyVC.swift */,
				5CACB290247CDD030026ED02 /* SecondSignupViewController.swift */,
				8893DCFD2481D4BC00FDA6A8 /* EventListViewController.swift */,
				8893DD012481E9F200FDA6A8 /* EventProfileViewController.swift */,
				8893DD052481FAA800FDA6A8 /* CourseListViewController.swift */,
				8893DD07248206D500FDA6A8 /* CourseProfileViewController.swift */,
				88BE0FB1248288680064C979 /* SettigsViewController.swift */,
				88BE0FB5248289CF0064C979 /* AcademyProfileViewController.swift */,
				5B315B1B2484571C00218851 /* ViewController.swift */,
				88BE0FB924828CC40064C979 /* CreateCourseViewController.swift */,
				880C50D02484B56800CAA906 /* CourseCellTableViewCell.swift */,
				880C50D22485248F00CAA906 /* EventCellTableViewCell.swift */,
				880C50D424852A2900CAA906 /* EventCollectionViewCell.swift */,
				5C8745DF2485C24B00F7C39A /* AlertController.swift */,
			);
			path = Scenes;
			sourceTree = "<group>";
		};
		88408A8C248190CE007A5578 /* Resources */ = {
			isa = PBXGroup;
			children = (
				8890B830247857060072C872 /* Assets.xcassets */,
			);
			path = Resources;
			sourceTree = "<group>";
		};
		88408A8D2481913D007A5578 /* Core */ = {
			isa = PBXGroup;
			children = (
				8890B829247857050072C872 /* AppDelegate.swift */,
			);
			path = Core;
			sourceTree = "<group>";
		};
		8890B81D247857050072C872 = {
			isa = PBXGroup;
			children = (
				8890B828247857050072C872 /* KidzoonaAcademy */,
				8890B83D247857060072C872 /* KidzoonaAcademyTests */,
				8890B848247857060072C872 /* KidzoonaAcademyUITests */,
				8890B827247857050072C872 /* Products */,
				008F0278DC164122FDFDE65B /* Pods */,
				F82C4AB67AF5132706D184BF /* Frameworks */,
			);
			sourceTree = "<group>";
		};
		8890B827247857050072C872 /* Products */ = {
			isa = PBXGroup;
			children = (
				8890B826247857050072C872 /* KidzoonaAcademy.app */,
				8890B83A247857060072C872 /* KidzoonaAcademyTests.xctest */,
				8890B845247857060072C872 /* KidzoonaAcademyUITests.xctest */,
			);
			name = Products;
			sourceTree = "<group>";
		};
		8890B828247857050072C872 /* KidzoonaAcademy */ = {
			isa = PBXGroup;
			children = (
				88408A8D2481913D007A5578 /* Core */,
				88408A8A2481901E007A5578 /* Scenes */,
				88408A8924818F64007A5578 /* StoryBoards */,
				5B631104248164A30073D4C7 /* Designs */,
				88408A8C248190CE007A5578 /* Resources */,
				8890B835247857060072C872 /* Info.plist */,
				5B315B1D2484595E00218851 /* Academy.swift */,
				5C8745DD2485BFAE00F7C39A /* GoogleService-Info.plist */,
			);
			path = KidzoonaAcademy;
			sourceTree = "<group>";
		};
		8890B83D247857060072C872 /* KidzoonaAcademyTests */ = {
			isa = PBXGroup;
			children = (
				8890B83E247857060072C872 /* KidzoonaAcademyTests.swift */,
				8890B840247857060072C872 /* Info.plist */,
			);
			path = KidzoonaAcademyTests;
			sourceTree = "<group>";
		};
		8890B848247857060072C872 /* KidzoonaAcademyUITests */ = {
			isa = PBXGroup;
			children = (
				8890B849247857060072C872 /* KidzoonaAcademyUITests.swift */,
				8890B84B247857060072C872 /* Info.plist */,
			);
			path = KidzoonaAcademyUITests;
			sourceTree = "<group>";
		};
		F82C4AB67AF5132706D184BF /* Frameworks */ = {
			isa = PBXGroup;
			children = (
				1F916A3D89D04BD37D1B6D11 /* Pods_KidzoonaAcademy.framework */,
			);
			name = Frameworks;
			sourceTree = "<group>";
		};
/* End PBXGroup section */

/* Begin PBXNativeTarget section */
		8890B825247857050072C872 /* KidzoonaAcademy */ = {
			isa = PBXNativeTarget;
			buildConfigurationList = 8890B84E247857060072C872 /* Build configuration list for PBXNativeTarget "KidzoonaAcademy" */;
			buildPhases = (
				EAC00764F4944321C579F2CC /* [CP] Check Pods Manifest.lock */,
				8890B822247857050072C872 /* Sources */,
				8890B823247857050072C872 /* Frameworks */,
				8890B824247857050072C872 /* Resources */,
				69974EAF993E51E19EF03C2C /* [CP] Embed Pods Frameworks */,
			);
			buildRules = (
			);
			dependencies = (
			);
			name = KidzoonaAcademy;
			productName = KidzoonaAcademy;
			productReference = 8890B826247857050072C872 /* KidzoonaAcademy.app */;
			productType = "com.apple.product-type.application";
		};
		8890B839247857060072C872 /* KidzoonaAcademyTests */ = {
			isa = PBXNativeTarget;
			buildConfigurationList = 8890B851247857060072C872 /* Build configuration list for PBXNativeTarget "KidzoonaAcademyTests" */;
			buildPhases = (
				8890B836247857060072C872 /* Sources */,
				8890B837247857060072C872 /* Frameworks */,
				8890B838247857060072C872 /* Resources */,
			);
			buildRules = (
			);
			dependencies = (
				8890B83C247857060072C872 /* PBXTargetDependency */,
			);
			name = KidzoonaAcademyTests;
			productName = KidzoonaAcademyTests;
			productReference = 8890B83A247857060072C872 /* KidzoonaAcademyTests.xctest */;
			productType = "com.apple.product-type.bundle.unit-test";
		};
		8890B844247857060072C872 /* KidzoonaAcademyUITests */ = {
			isa = PBXNativeTarget;
			buildConfigurationList = 8890B854247857060072C872 /* Build configuration list for PBXNativeTarget "KidzoonaAcademyUITests" */;
			buildPhases = (
				8890B841247857060072C872 /* Sources */,
				8890B842247857060072C872 /* Frameworks */,
				8890B843247857060072C872 /* Resources */,
			);
			buildRules = (
			);
			dependencies = (
				8890B847247857060072C872 /* PBXTargetDependency */,
			);
			name = KidzoonaAcademyUITests;
			productName = KidzoonaAcademyUITests;
			productReference = 8890B845247857060072C872 /* KidzoonaAcademyUITests.xctest */;
			productType = "com.apple.product-type.bundle.ui-testing";
		};
/* End PBXNativeTarget section */

/* Begin PBXProject section */
		8890B81E247857050072C872 /* Project object */ = {
			isa = PBXProject;
			attributes = {
				LastSwiftUpdateCheck = 1010;
				LastUpgradeCheck = 1010;
				ORGANIZATIONNAME = "Marina Sameh";
				TargetAttributes = {
					8890B825247857050072C872 = {
						CreatedOnToolsVersion = 10.1;
					};
					8890B839247857060072C872 = {
						CreatedOnToolsVersion = 10.1;
						TestTargetID = 8890B825247857050072C872;
					};
					8890B844247857060072C872 = {
						CreatedOnToolsVersion = 10.1;
						TestTargetID = 8890B825247857050072C872;
					};
				};
			};
			buildConfigurationList = 8890B821247857050072C872 /* Build configuration list for PBXProject "KidzoonaAcademy" */;
			compatibilityVersion = "Xcode 9.3";
			developmentRegion = en;
			hasScannedForEncodings = 0;
			knownRegions = (
				en,
				Base,
			);
			mainGroup = 8890B81D247857050072C872;
			productRefGroup = 8890B827247857050072C872 /* Products */;
			projectDirPath = "";
			projectRoot = "";
			targets = (
				8890B825247857050072C872 /* KidzoonaAcademy */,
				8890B839247857060072C872 /* KidzoonaAcademyTests */,
				8890B844247857060072C872 /* KidzoonaAcademyUITests */,
			);
		};
/* End PBXProject section */

/* Begin PBXResourcesBuildPhase section */
		8890B824247857050072C872 /* Resources */ = {
			isa = PBXResourcesBuildPhase;
			buildActionMask = 2147483647;
			files = (
				5C8745E22485C56400F7C39A /* FinalSignupStoryboard.storyboard in Resources */,
				179F324A2483313F000A9D82 /* SignIn.storyboard in Resources */,
				88408A912481936B007A5578 /* Event.storyboard in Resources */,
				88BE0FB024827F3E0064C979 /* Settings.storyboard in Resources */,
				88BE0FB824828C590064C979 /* CreateCourse.storyboard in Resources */,
				8890B831247857060072C872 /* Assets.xcassets in Resources */,
				5C01DEDE2481CC60008BCA49 /* LaunchScreen.storyboard in Resources */,
				88BE0FB4248288EF0064C979 /* AcademyProfile.storyboard in Resources */,
				179F323B24830C14000A9D82 /* Home.storyboard in Resources */,
				5C8745DE2485BFAF00F7C39A /* GoogleService-Info.plist in Resources */,
				5B631119248164A30073D4C7 /* CreateEvent.storyboard in Resources */,
				5B631110248164A30073D4C7 /* EditEvent.storyboard in Resources */,
				5B63110F248164A30073D4C7 /* EditCourse.storyboard in Resources */,
				5C01DEDC2481C7BC008BCA49 /* Main.storyboard in Resources */,
				5B63111A248164A30073D4C7 /* EditAcademy.storyboard in Resources */,
				88408A8F2481923A007A5578 /* Course.storyboard in Resources */,
			);
			runOnlyForDeploymentPostprocessing = 0;
		};
		8890B838247857060072C872 /* Resources */ = {
			isa = PBXResourcesBuildPhase;
			buildActionMask = 2147483647;
			files = (
			);
			runOnlyForDeploymentPostprocessing = 0;
		};
		8890B843247857060072C872 /* Resources */ = {
			isa = PBXResourcesBuildPhase;
			buildActionMask = 2147483647;
			files = (
			);
			runOnlyForDeploymentPostprocessing = 0;
		};
/* End PBXResourcesBuildPhase section */

/* Begin PBXShellScriptBuildPhase section */
		69974EAF993E51E19EF03C2C /* [CP] Embed Pods Frameworks */ = {
			isa = PBXShellScriptBuildPhase;
			buildActionMask = 2147483647;
			files = (
			);
			inputFileListPaths = (
				"${PODS_ROOT}/Target Support Files/Pods-KidzoonaAcademy/Pods-KidzoonaAcademy-frameworks-${CONFIGURATION}-input-files.xcfilelist",
			);
			name = "[CP] Embed Pods Frameworks";
			outputFileListPaths = (
				"${PODS_ROOT}/Target Support Files/Pods-KidzoonaAcademy/Pods-KidzoonaAcademy-frameworks-${CONFIGURATION}-output-files.xcfilelist",
			);
			runOnlyForDeploymentPostprocessing = 0;
			shellPath = /bin/sh;
			shellScript = "\"${PODS_ROOT}/Target Support Files/Pods-KidzoonaAcademy/Pods-KidzoonaAcademy-frameworks.sh\"\n";
			showEnvVarsInLog = 0;
		};
		EAC00764F4944321C579F2CC /* [CP] Check Pods Manifest.lock */ = {
			isa = PBXShellScriptBuildPhase;
			buildActionMask = 2147483647;
			files = (
			);
			inputFileListPaths = (
			);
			inputPaths = (
				"${PODS_PODFILE_DIR_PATH}/Podfile.lock",
				"${PODS_ROOT}/Manifest.lock",
			);
			name = "[CP] Check Pods Manifest.lock";
			outputFileListPaths = (
			);
			outputPaths = (
				"$(DERIVED_FILE_DIR)/Pods-KidzoonaAcademy-checkManifestLockResult.txt",
			);
			runOnlyForDeploymentPostprocessing = 0;
			shellPath = /bin/sh;
			shellScript = "diff \"${PODS_PODFILE_DIR_PATH}/Podfile.lock\" \"${PODS_ROOT}/Manifest.lock\" > /dev/null\nif [ $? != 0 ] ; then\n    # print error to STDERR\n    echo \"error: The sandbox is not in sync with the Podfile.lock. Run 'pod install' or update your CocoaPods installation.\" >&2\n    exit 1\nfi\n# This output is used by Xcode 'outputs' to avoid re-running this script phase.\necho \"SUCCESS\" > \"${SCRIPT_OUTPUT_FILE_0}\"\n";
			showEnvVarsInLog = 0;
		};
/* End PBXShellScriptBuildPhase section */

/* Begin PBXSourcesBuildPhase section */
		8890B822247857050072C872 /* Sources */ = {
			isa = PBXSourcesBuildPhase;
			buildActionMask = 2147483647;
			files = (
				5B315B1C2484571C00218851 /* ViewController.swift in Sources */,
				88BE0FB6248289CF0064C979 /* AcademyProfileViewController.swift in Sources */,
				880C50D524852A2900CAA906 /* EventCollectionViewCell.swift in Sources */,
				5B631114248164A30073D4C7 /* RoundedView.swift in Sources */,
				880C50D12484B56800CAA906 /* CourseCellTableViewCell.swift in Sources */,
				8890B82C247857050072C872 /* ViewController.swift in Sources */,
				5B631111248164A30073D4C7 /* CreateEventVC.swift in Sources */,
				5B631116248164A30073D4C7 /* RoundedTextField.swift in Sources */,
				5B631112248164A30073D4C7 /* UndeLinedTextfield.swift in Sources */,
				8893DD062481FAA800FDA6A8 /* CourseListViewController.swift in Sources */,
				880C50D32485248F00CAA906 /* EventCellTableViewCell.swift in Sources */,
				5B631118248164A30073D4C7 /* EditAcademyVC.swift in Sources */,
				5C8745E02485C24C00F7C39A /* AlertController.swift in Sources */,
				88BE0FB2248288680064C979 /* SettigsViewController.swift in Sources */,
				8893DD002481D54300FDA6A8 /* CardCell.swift in Sources */,
				8893DD08248206D500FDA6A8 /* CourseProfileViewController.swift in Sources */,
				5B631117248164A30073D4C7 /* RoundedButton.swift in Sources */,
				179F3244248329A1000A9D82 /* FirstCollectionViewCell.swift in Sources */,
				8893DD022481E9F200FDA6A8 /* EventProfileViewController.swift in Sources */,
				5B631115248164A30073D4C7 /* EditEventVC.swift in Sources */,
				5B315B1E2484595E00218851 /* Academy.swift in Sources */,
				179F324224832608000A9D82 /* HomeVC.swift in Sources */,
				5B631113248164A30073D4C7 /* EditCourseVC.swift in Sources */,
				179F3248248329CB000A9D82 /* ThirdCollectionViewCell.swift in Sources */,
				5CACB291247CDD030026ED02 /* SecondSignupViewController.swift in Sources */,
				5C8745E62485C70500F7C39A /* WaitViewController.swift in Sources */,
				5C8745E42485C5D700F7C39A /* FinalSignupViewController.swift in Sources */,
				8893DCFE2481D4BC00FDA6A8 /* EventListViewController.swift in Sources */,
				88BE0FBA24828CC40064C979 /* CreateCourseViewController.swift in Sources */,
				8890B82A247857050072C872 /* AppDelegate.swift in Sources */,
				179F3246248329B6000A9D82 /* SecondCollectionViewCell.swift in Sources */,
				179F324E24833182000A9D82 /* SignInVC.swift in Sources */,
			);
			runOnlyForDeploymentPostprocessing = 0;
		};
		8890B836247857060072C872 /* Sources */ = {
			isa = PBXSourcesBuildPhase;
			buildActionMask = 2147483647;
			files = (
				8890B83F247857060072C872 /* KidzoonaAcademyTests.swift in Sources */,
			);
			runOnlyForDeploymentPostprocessing = 0;
		};
		8890B841247857060072C872 /* Sources */ = {
			isa = PBXSourcesBuildPhase;
			buildActionMask = 2147483647;
			files = (
				8890B84A247857060072C872 /* KidzoonaAcademyUITests.swift in Sources */,
			);
			runOnlyForDeploymentPostprocessing = 0;
		};
/* End PBXSourcesBuildPhase section */

/* Begin PBXTargetDependency section */
		8890B83C247857060072C872 /* PBXTargetDependency */ = {
			isa = PBXTargetDependency;
			target = 8890B825247857050072C872 /* KidzoonaAcademy */;
			targetProxy = 8890B83B247857060072C872 /* PBXContainerItemProxy */;
		};
		8890B847247857060072C872 /* PBXTargetDependency */ = {
			isa = PBXTargetDependency;
			target = 8890B825247857050072C872 /* KidzoonaAcademy */;
			targetProxy = 8890B846247857060072C872 /* PBXContainerItemProxy */;
		};
/* End PBXTargetDependency section */

/* Begin XCBuildConfiguration section */
		8890B84C247857060072C872 /* Debug */ = {
			isa = XCBuildConfiguration;
			buildSettings = {
				ALWAYS_SEARCH_USER_PATHS = NO;
				CLANG_ANALYZER_NONNULL = YES;
				CLANG_ANALYZER_NUMBER_OBJECT_CONVERSION = YES_AGGRESSIVE;
				CLANG_CXX_LANGUAGE_STANDARD = "gnu++14";
				CLANG_CXX_LIBRARY = "libc++";
				CLANG_ENABLE_MODULES = YES;
				CLANG_ENABLE_OBJC_ARC = YES;
				CLANG_ENABLE_OBJC_WEAK = YES;
				CLANG_WARN_BLOCK_CAPTURE_AUTORELEASING = YES;
				CLANG_WARN_BOOL_CONVERSION = YES;
				CLANG_WARN_COMMA = YES;
				CLANG_WARN_CONSTANT_CONVERSION = YES;
				CLANG_WARN_DEPRECATED_OBJC_IMPLEMENTATIONS = YES;
				CLANG_WARN_DIRECT_OBJC_ISA_USAGE = YES_ERROR;
				CLANG_WARN_DOCUMENTATION_COMMENTS = YES;
				CLANG_WARN_EMPTY_BODY = YES;
				CLANG_WARN_ENUM_CONVERSION = YES;
				CLANG_WARN_INFINITE_RECURSION = YES;
				CLANG_WARN_INT_CONVERSION = YES;
				CLANG_WARN_NON_LITERAL_NULL_CONVERSION = YES;
				CLANG_WARN_OBJC_IMPLICIT_RETAIN_SELF = YES;
				CLANG_WARN_OBJC_LITERAL_CONVERSION = YES;
				CLANG_WARN_OBJC_ROOT_CLASS = YES_ERROR;
				CLANG_WARN_RANGE_LOOP_ANALYSIS = YES;
				CLANG_WARN_STRICT_PROTOTYPES = YES;
				CLANG_WARN_SUSPICIOUS_MOVE = YES;
				CLANG_WARN_UNGUARDED_AVAILABILITY = YES_AGGRESSIVE;
				CLANG_WARN_UNREACHABLE_CODE = YES;
				CLANG_WARN__DUPLICATE_METHOD_MATCH = YES;
				CODE_SIGN_IDENTITY = "iPhone Developer";
				COPY_PHASE_STRIP = NO;
				DEBUG_INFORMATION_FORMAT = dwarf;
				ENABLE_STRICT_OBJC_MSGSEND = YES;
				ENABLE_TESTABILITY = YES;
				GCC_C_LANGUAGE_STANDARD = gnu11;
				GCC_DYNAMIC_NO_PIC = NO;
				GCC_NO_COMMON_BLOCKS = YES;
				GCC_OPTIMIZATION_LEVEL = 0;
				GCC_PREPROCESSOR_DEFINITIONS = (
					"DEBUG=1",
					"$(inherited)",
				);
				GCC_WARN_64_TO_32_BIT_CONVERSION = YES;
				GCC_WARN_ABOUT_RETURN_TYPE = YES_ERROR;
				GCC_WARN_UNDECLARED_SELECTOR = YES;
				GCC_WARN_UNINITIALIZED_AUTOS = YES_AGGRESSIVE;
				GCC_WARN_UNUSED_FUNCTION = YES;
				GCC_WARN_UNUSED_VARIABLE = YES;
				IPHONEOS_DEPLOYMENT_TARGET = 12.1;
				MTL_ENABLE_DEBUG_INFO = INCLUDE_SOURCE;
				MTL_FAST_MATH = YES;
				ONLY_ACTIVE_ARCH = YES;
				SDKROOT = iphoneos;
				SWIFT_ACTIVE_COMPILATION_CONDITIONS = DEBUG;
				SWIFT_OPTIMIZATION_LEVEL = "-Onone";
			};
			name = Debug;
		};
		8890B84D247857060072C872 /* Release */ = {
			isa = XCBuildConfiguration;
			buildSettings = {
				ALWAYS_SEARCH_USER_PATHS = NO;
				CLANG_ANALYZER_NONNULL = YES;
				CLANG_ANALYZER_NUMBER_OBJECT_CONVERSION = YES_AGGRESSIVE;
				CLANG_CXX_LANGUAGE_STANDARD = "gnu++14";
				CLANG_CXX_LIBRARY = "libc++";
				CLANG_ENABLE_MODULES = YES;
				CLANG_ENABLE_OBJC_ARC = YES;
				CLANG_ENABLE_OBJC_WEAK = YES;
				CLANG_WARN_BLOCK_CAPTURE_AUTORELEASING = YES;
				CLANG_WARN_BOOL_CONVERSION = YES;
				CLANG_WARN_COMMA = YES;
				CLANG_WARN_CONSTANT_CONVERSION = YES;
				CLANG_WARN_DEPRECATED_OBJC_IMPLEMENTATIONS = YES;
				CLANG_WARN_DIRECT_OBJC_ISA_USAGE = YES_ERROR;
				CLANG_WARN_DOCUMENTATION_COMMENTS = YES;
				CLANG_WARN_EMPTY_BODY = YES;
				CLANG_WARN_ENUM_CONVERSION = YES;
				CLANG_WARN_INFINITE_RECURSION = YES;
				CLANG_WARN_INT_CONVERSION = YES;
				CLANG_WARN_NON_LITERAL_NULL_CONVERSION = YES;
				CLANG_WARN_OBJC_IMPLICIT_RETAIN_SELF = YES;
				CLANG_WARN_OBJC_LITERAL_CONVERSION = YES;
				CLANG_WARN_OBJC_ROOT_CLASS = YES_ERROR;
				CLANG_WARN_RANGE_LOOP_ANALYSIS = YES;
				CLANG_WARN_STRICT_PROTOTYPES = YES;
				CLANG_WARN_SUSPICIOUS_MOVE = YES;
				CLANG_WARN_UNGUARDED_AVAILABILITY = YES_AGGRESSIVE;
				CLANG_WARN_UNREACHABLE_CODE = YES;
				CLANG_WARN__DUPLICATE_METHOD_MATCH = YES;
				CODE_SIGN_IDENTITY = "iPhone Developer";
				COPY_PHASE_STRIP = NO;
				DEBUG_INFORMATION_FORMAT = "dwarf-with-dsym";
				ENABLE_NS_ASSERTIONS = NO;
				ENABLE_STRICT_OBJC_MSGSEND = YES;
				GCC_C_LANGUAGE_STANDARD = gnu11;
				GCC_NO_COMMON_BLOCKS = YES;
				GCC_WARN_64_TO_32_BIT_CONVERSION = YES;
				GCC_WARN_ABOUT_RETURN_TYPE = YES_ERROR;
				GCC_WARN_UNDECLARED_SELECTOR = YES;
				GCC_WARN_UNINITIALIZED_AUTOS = YES_AGGRESSIVE;
				GCC_WARN_UNUSED_FUNCTION = YES;
				GCC_WARN_UNUSED_VARIABLE = YES;
				IPHONEOS_DEPLOYMENT_TARGET = 12.1;
				MTL_ENABLE_DEBUG_INFO = NO;
				MTL_FAST_MATH = YES;
				SDKROOT = iphoneos;
				SWIFT_COMPILATION_MODE = wholemodule;
				SWIFT_OPTIMIZATION_LEVEL = "-O";
				VALIDATE_PRODUCT = YES;
			};
			name = Release;
		};
		8890B84F247857060072C872 /* Debug */ = {
			isa = XCBuildConfiguration;
			baseConfigurationReference = 7A32CEC735917ED46814EB30 /* Pods-KidzoonaAcademy.debug.xcconfig */;
			buildSettings = {
				ASSETCATALOG_COMPILER_APPICON_NAME = AppIcon;
				CODE_SIGN_IDENTITY = "iPhone Developer";
				CODE_SIGN_STYLE = Manual;
				DEVELOPMENT_TEAM = "";
				INFOPLIST_FILE = KidzoonaAcademy/Info.plist;
				LD_RUNPATH_SEARCH_PATHS = (
					"$(inherited)",
					"@executable_path/Frameworks",
				);
				PRODUCT_BUNDLE_IDENTIFIER = Marina.KidzoonaAcademy;
				PRODUCT_NAME = "$(TARGET_NAME)";
				PROVISIONING_PROFILE_SPECIFIER = "";
				SWIFT_VERSION = 4.2;
				TARGETED_DEVICE_FAMILY = "1,2";
			};
			name = Debug;
		};
		8890B850247857060072C872 /* Release */ = {
			isa = XCBuildConfiguration;
			baseConfigurationReference = 14EE271F7989A994E9A0C28D /* Pods-KidzoonaAcademy.release.xcconfig */;
			buildSettings = {
				ASSETCATALOG_COMPILER_APPICON_NAME = AppIcon;
				CODE_SIGN_IDENTITY = "iPhone Developer";
				CODE_SIGN_STYLE = Manual;
				DEVELOPMENT_TEAM = "";
				INFOPLIST_FILE = KidzoonaAcademy/Info.plist;
				LD_RUNPATH_SEARCH_PATHS = (
					"$(inherited)",
					"@executable_path/Frameworks",
				);
				PRODUCT_BUNDLE_IDENTIFIER = Marina.KidzoonaAcademy;
				PRODUCT_NAME = "$(TARGET_NAME)";
				PROVISIONING_PROFILE_SPECIFIER = "";
				SWIFT_VERSION = 4.2;
				TARGETED_DEVICE_FAMILY = "1,2";
			};
			name = Release;
		};
		8890B852247857060072C872 /* Debug */ = {
			isa = XCBuildConfiguration;
			buildSettings = {
				ALWAYS_EMBED_SWIFT_STANDARD_LIBRARIES = YES;
				BUNDLE_LOADER = "$(TEST_HOST)";
				CODE_SIGN_STYLE = Automatic;
				INFOPLIST_FILE = KidzoonaAcademyTests/Info.plist;
				LD_RUNPATH_SEARCH_PATHS = (
					"$(inherited)",
					"@executable_path/Frameworks",
					"@loader_path/Frameworks",
				);
				PRODUCT_BUNDLE_IDENTIFIER = Marina.KidzoonaAcademyTests;
				PRODUCT_NAME = "$(TARGET_NAME)";
				SWIFT_VERSION = 4.2;
				TARGETED_DEVICE_FAMILY = "1,2";
				TEST_HOST = "$(BUILT_PRODUCTS_DIR)/KidzoonaAcademy.app/KidzoonaAcademy";
			};
			name = Debug;
		};
		8890B853247857060072C872 /* Release */ = {
			isa = XCBuildConfiguration;
			buildSettings = {
				ALWAYS_EMBED_SWIFT_STANDARD_LIBRARIES = YES;
				BUNDLE_LOADER = "$(TEST_HOST)";
				CODE_SIGN_STYLE = Automatic;
				INFOPLIST_FILE = KidzoonaAcademyTests/Info.plist;
				LD_RUNPATH_SEARCH_PATHS = (
					"$(inherited)",
					"@executable_path/Frameworks",
					"@loader_path/Frameworks",
				);
				PRODUCT_BUNDLE_IDENTIFIER = Marina.KidzoonaAcademyTests;
				PRODUCT_NAME = "$(TARGET_NAME)";
				SWIFT_VERSION = 4.2;
				TARGETED_DEVICE_FAMILY = "1,2";
				TEST_HOST = "$(BUILT_PRODUCTS_DIR)/KidzoonaAcademy.app/KidzoonaAcademy";
			};
			name = Release;
		};
		8890B855247857060072C872 /* Debug */ = {
			isa = XCBuildConfiguration;
			buildSettings = {
				ALWAYS_EMBED_SWIFT_STANDARD_LIBRARIES = YES;
				CODE_SIGN_STYLE = Automatic;
				INFOPLIST_FILE = KidzoonaAcademyUITests/Info.plist;
				LD_RUNPATH_SEARCH_PATHS = (
					"$(inherited)",
					"@executable_path/Frameworks",
					"@loader_path/Frameworks",
				);
				PRODUCT_BUNDLE_IDENTIFIER = Marina.KidzoonaAcademyUITests;
				PRODUCT_NAME = "$(TARGET_NAME)";
				SWIFT_VERSION = 4.2;
				TARGETED_DEVICE_FAMILY = "1,2";
				TEST_TARGET_NAME = KidzoonaAcademy;
			};
			name = Debug;
		};
		8890B856247857060072C872 /* Release */ = {
			isa = XCBuildConfiguration;
			buildSettings = {
				ALWAYS_EMBED_SWIFT_STANDARD_LIBRARIES = YES;
				CODE_SIGN_STYLE = Automatic;
				INFOPLIST_FILE = KidzoonaAcademyUITests/Info.plist;
				LD_RUNPATH_SEARCH_PATHS = (
					"$(inherited)",
					"@executable_path/Frameworks",
					"@loader_path/Frameworks",
				);
				PRODUCT_BUNDLE_IDENTIFIER = Marina.KidzoonaAcademyUITests;
				PRODUCT_NAME = "$(TARGET_NAME)";
				SWIFT_VERSION = 4.2;
				TARGETED_DEVICE_FAMILY = "1,2";
				TEST_TARGET_NAME = KidzoonaAcademy;
			};
			name = Release;
		};
/* End XCBuildConfiguration section */

/* Begin XCConfigurationList section */
		8890B821247857050072C872 /* Build configuration list for PBXProject "KidzoonaAcademy" */ = {
			isa = XCConfigurationList;
			buildConfigurations = (
				8890B84C247857060072C872 /* Debug */,
				8890B84D247857060072C872 /* Release */,
			);
			defaultConfigurationIsVisible = 0;
			defaultConfigurationName = Release;
		};
		8890B84E247857060072C872 /* Build configuration list for PBXNativeTarget "KidzoonaAcademy" */ = {
			isa = XCConfigurationList;
			buildConfigurations = (
				8890B84F247857060072C872 /* Debug */,
				8890B850247857060072C872 /* Release */,
			);
			defaultConfigurationIsVisible = 0;
			defaultConfigurationName = Release;
		};
		8890B851247857060072C872 /* Build configuration list for PBXNativeTarget "KidzoonaAcademyTests" */ = {
			isa = XCConfigurationList;
			buildConfigurations = (
				8890B852247857060072C872 /* Debug */,
				8890B853247857060072C872 /* Release */,
			);
			defaultConfigurationIsVisible = 0;
			defaultConfigurationName = Release;
		};
		8890B854247857060072C872 /* Build configuration list for PBXNativeTarget "KidzoonaAcademyUITests" */ = {
			isa = XCConfigurationList;
			buildConfigurations = (
				8890B855247857060072C872 /* Debug */,
				8890B856247857060072C872 /* Release */,
			);
			defaultConfigurationIsVisible = 0;
			defaultConfigurationName = Release;
		};
/* End XCConfigurationList section */
	};
	rootObject = 8890B81E247857050072C872 /* Project object */;
}
