// !$*UTF8*$!
{
	archiveVersion = 1;
	classes = {
	};
	objectVersion = 50;
	objects = {

/* Begin PBXBuildFile section */
		8885C01F247136A3008F8E9A /* AppDelegate.swift in Sources */ = {isa = PBXBuildFile; fileRef = 8885C01E247136A3008F8E9A /* AppDelegate.swift */; };
		8885C021247136A3008F8E9A /* ViewController.swift in Sources */ = {isa = PBXBuildFile; fileRef = 8885C020247136A3008F8E9A /* ViewController.swift */; };
		8885C024247136A3008F8E9A /* Main.storyboard in Resources */ = {isa = PBXBuildFile; fileRef = 8885C022247136A3008F8E9A /* Main.storyboard */; };
		8885C026247136A5008F8E9A /* Assets.xcassets in Resources */ = {isa = PBXBuildFile; fileRef = 8885C025247136A5008F8E9A /* Assets.xcassets */; };
		8885C029247136A5008F8E9A /* LaunchScreen.storyboard in Resources */ = {isa = PBXBuildFile; fileRef = 8885C027247136A5008F8E9A /* LaunchScreen.storyboard */; };
		8885C034247136A5008F8E9A /* KidzoonaAcademyAppTests.swift in Sources */ = {isa = PBXBuildFile; fileRef = 8885C033247136A5008F8E9A /* KidzoonaAcademyAppTests.swift */; };
		8885C03F247136A5008F8E9A /* KidzoonaAcademyAppUITests.swift in Sources */ = {isa = PBXBuildFile; fileRef = 8885C03E247136A5008F8E9A /* KidzoonaAcademyAppUITests.swift */; };
/* End PBXBuildFile section */

/* Begin PBXContainerItemProxy section */
		8885C030247136A5008F8E9A /* PBXContainerItemProxy */ = {
			isa = PBXContainerItemProxy;
			containerPortal = 8885C013247136A3008F8E9A /* Project object */;
			proxyType = 1;
			remoteGlobalIDString = 8885C01A247136A3008F8E9A;
			remoteInfo = KidzoonaAcademyApp;
		};
		8885C03B247136A5008F8E9A /* PBXContainerItemProxy */ = {
			isa = PBXContainerItemProxy;
			containerPortal = 8885C013247136A3008F8E9A /* Project object */;
			proxyType = 1;
			remoteGlobalIDString = 8885C01A247136A3008F8E9A;
			remoteInfo = KidzoonaAcademyApp;
		};
/* End PBXContainerItemProxy section */

/* Begin PBXFileReference section */
		8885C01B247136A3008F8E9A /* KidzoonaAcademyApp.app */ = {isa = PBXFileReference; explicitFileType = wrapper.application; includeInIndex = 0; path = KidzoonaAcademyApp.app; sourceTree = BUILT_PRODUCTS_DIR; };
		8885C01E247136A3008F8E9A /* AppDelegate.swift */ = {isa = PBXFileReference; lastKnownFileType = sourcecode.swift; path = AppDelegate.swift; sourceTree = "<group>"; };
		8885C020247136A3008F8E9A /* ViewController.swift */ = {isa = PBXFileReference; lastKnownFileType = sourcecode.swift; path = ViewController.swift; sourceTree = "<group>"; };
		8885C023247136A3008F8E9A /* Base */ = {isa = PBXFileReference; lastKnownFileType = file.storyboard; name = Base; path = Base.lproj/Main.storyboard; sourceTree = "<group>"; };
		8885C025247136A5008F8E9A /* Assets.xcassets */ = {isa = PBXFileReference; lastKnownFileType = folder.assetcatalog; path = Assets.xcassets; sourceTree = "<group>"; };
		8885C028247136A5008F8E9A /* Base */ = {isa = PBXFileReference; lastKnownFileType = file.storyboard; name = Base; path = Base.lproj/LaunchScreen.storyboard; sourceTree = "<group>"; };
		8885C02A247136A5008F8E9A /* Info.plist */ = {isa = PBXFileReference; lastKnownFileType = text.plist.xml; path = Info.plist; sourceTree = "<group>"; };
		8885C02F247136A5008F8E9A /* KidzoonaAcademyAppTests.xctest */ = {isa = PBXFileReference; explicitFileType = wrapper.cfbundle; includeInIndex = 0; path = KidzoonaAcademyAppTests.xctest; sourceTree = BUILT_PRODUCTS_DIR; };
		8885C033247136A5008F8E9A /* KidzoonaAcademyAppTests.swift */ = {isa = PBXFileReference; lastKnownFileType = sourcecode.swift; path = KidzoonaAcademyAppTests.swift; sourceTree = "<group>"; };
		8885C035247136A5008F8E9A /* Info.plist */ = {isa = PBXFileReference; lastKnownFileType = text.plist.xml; path = Info.plist; sourceTree = "<group>"; };
		8885C03A247136A5008F8E9A /* KidzoonaAcademyAppUITests.xctest */ = {isa = PBXFileReference; explicitFileType = wrapper.cfbundle; includeInIndex = 0; path = KidzoonaAcademyAppUITests.xctest; sourceTree = BUILT_PRODUCTS_DIR; };
		8885C03E247136A5008F8E9A /* KidzoonaAcademyAppUITests.swift */ = {isa = PBXFileReference; lastKnownFileType = sourcecode.swift; path = KidzoonaAcademyAppUITests.swift; sourceTree = "<group>"; };
		8885C040247136A5008F8E9A /* Info.plist */ = {isa = PBXFileReference; lastKnownFileType = text.plist.xml; path = Info.plist; sourceTree = "<group>"; };
/* End PBXFileReference section */

/* Begin PBXFrameworksBuildPhase section */
		8885C018247136A3008F8E9A /* Frameworks */ = {
			isa = PBXFrameworksBuildPhase;
			buildActionMask = 2147483647;
			files = (
			);
			runOnlyForDeploymentPostprocessing = 0;
		};
		8885C02C247136A5008F8E9A /* Frameworks */ = {
			isa = PBXFrameworksBuildPhase;
			buildActionMask = 2147483647;
			files = (
			);
			runOnlyForDeploymentPostprocessing = 0;
		};
		8885C037247136A5008F8E9A /* Frameworks */ = {
			isa = PBXFrameworksBuildPhase;
			buildActionMask = 2147483647;
			files = (
			);
			runOnlyForDeploymentPostprocessing = 0;
		};
/* End PBXFrameworksBuildPhase section */

/* Begin PBXGroup section */
		8885C012247136A3008F8E9A = {
			isa = PBXGroup;
			children = (
				8885C01D247136A3008F8E9A /* KidzoonaAcademyApp */,
				8885C032247136A5008F8E9A /* KidzoonaAcademyAppTests */,
				8885C03D247136A5008F8E9A /* KidzoonaAcademyAppUITests */,
				8885C01C247136A3008F8E9A /* Products */,
			);
			sourceTree = "<group>";
		};
		8885C01C247136A3008F8E9A /* Products */ = {
			isa = PBXGroup;
			children = (
				8885C01B247136A3008F8E9A /* KidzoonaAcademyApp.app */,
				8885C02F247136A5008F8E9A /* KidzoonaAcademyAppTests.xctest */,
				8885C03A247136A5008F8E9A /* KidzoonaAcademyAppUITests.xctest */,
			);
			name = Products;
			sourceTree = "<group>";
		};
		8885C01D247136A3008F8E9A /* KidzoonaAcademyApp */ = {
			isa = PBXGroup;
			children = (
				8885C01E247136A3008F8E9A /* AppDelegate.swift */,
				8885C020247136A3008F8E9A /* ViewController.swift */,
				8885C022247136A3008F8E9A /* Main.storyboard */,
				8885C025247136A5008F8E9A /* Assets.xcassets */,
				8885C027247136A5008F8E9A /* LaunchScreen.storyboard */,
				8885C02A247136A5008F8E9A /* Info.plist */,
			);
			path = KidzoonaAcademyApp;
			sourceTree = "<group>";
		};
		8885C032247136A5008F8E9A /* KidzoonaAcademyAppTests */ = {
			isa = PBXGroup;
			children = (
				8885C033247136A5008F8E9A /* KidzoonaAcademyAppTests.swift */,
				8885C035247136A5008F8E9A /* Info.plist */,
			);
			path = KidzoonaAcademyAppTests;
			sourceTree = "<group>";
		};
		8885C03D247136A5008F8E9A /* KidzoonaAcademyAppUITests */ = {
			isa = PBXGroup;
			children = (
				8885C03E247136A5008F8E9A /* KidzoonaAcademyAppUITests.swift */,
				8885C040247136A5008F8E9A /* Info.plist */,
			);
			path = KidzoonaAcademyAppUITests;
			sourceTree = "<group>";
		};
/* End PBXGroup section */

/* Begin PBXNativeTarget section */
		8885C01A247136A3008F8E9A /* KidzoonaAcademyApp */ = {
			isa = PBXNativeTarget;
			buildConfigurationList = 8885C043247136A5008F8E9A /* Build configuration list for PBXNativeTarget "KidzoonaAcademyApp" */;
			buildPhases = (
				8885C017247136A3008F8E9A /* Sources */,
				8885C018247136A3008F8E9A /* Frameworks */,
				8885C019247136A3008F8E9A /* Resources */,
			);
			buildRules = (
			);
			dependencies = (
			);
			name = KidzoonaAcademyApp;
			productName = KidzoonaAcademyApp;
			productReference = 8885C01B247136A3008F8E9A /* KidzoonaAcademyApp.app */;
			productType = "com.apple.product-type.application";
		};
		8885C02E247136A5008F8E9A /* KidzoonaAcademyAppTests */ = {
			isa = PBXNativeTarget;
			buildConfigurationList = 8885C046247136A5008F8E9A /* Build configuration list for PBXNativeTarget "KidzoonaAcademyAppTests" */;
			buildPhases = (
				8885C02B247136A5008F8E9A /* Sources */,
				8885C02C247136A5008F8E9A /* Frameworks */,
				8885C02D247136A5008F8E9A /* Resources */,
			);
			buildRules = (
			);
			dependencies = (
				8885C031247136A5008F8E9A /* PBXTargetDependency */,
			);
			name = KidzoonaAcademyAppTests;
			productName = KidzoonaAcademyAppTests;
			productReference = 8885C02F247136A5008F8E9A /* KidzoonaAcademyAppTests.xctest */;
			productType = "com.apple.product-type.bundle.unit-test";
		};
		8885C039247136A5008F8E9A /* KidzoonaAcademyAppUITests */ = {
			isa = PBXNativeTarget;
			buildConfigurationList = 8885C049247136A5008F8E9A /* Build configuration list for PBXNativeTarget "KidzoonaAcademyAppUITests" */;
			buildPhases = (
				8885C036247136A5008F8E9A /* Sources */,
				8885C037247136A5008F8E9A /* Frameworks */,
				8885C038247136A5008F8E9A /* Resources */,
			);
			buildRules = (
			);
			dependencies = (
				8885C03C247136A5008F8E9A /* PBXTargetDependency */,
			);
			name = KidzoonaAcademyAppUITests;
			productName = KidzoonaAcademyAppUITests;
			productReference = 8885C03A247136A5008F8E9A /* KidzoonaAcademyAppUITests.xctest */;
			productType = "com.apple.product-type.bundle.ui-testing";
		};
/* End PBXNativeTarget section */

/* Begin PBXProject section */
		8885C013247136A3008F8E9A /* Project object */ = {
			isa = PBXProject;
			attributes = {
				LastSwiftUpdateCheck = 1010;
				LastUpgradeCheck = 1010;
				ORGANIZATIONNAME = "Marina Sameh";
				TargetAttributes = {
					8885C01A247136A3008F8E9A = {
						CreatedOnToolsVersion = 10.1;
					};
					8885C02E247136A5008F8E9A = {
						CreatedOnToolsVersion = 10.1;
						TestTargetID = 8885C01A247136A3008F8E9A;
					};
					8885C039247136A5008F8E9A = {
						CreatedOnToolsVersion = 10.1;
						TestTargetID = 8885C01A247136A3008F8E9A;
					};
				};
			};
			buildConfigurationList = 8885C016247136A3008F8E9A /* Build configuration list for PBXProject "KidzoonaAcademyApp" */;
			compatibilityVersion = "Xcode 9.3";
			developmentRegion = en;
			hasScannedForEncodings = 0;
			knownRegions = (
				en,
				Base,
			);
			mainGroup = 8885C012247136A3008F8E9A;
			productRefGroup = 8885C01C247136A3008F8E9A /* Products */;
			projectDirPath = "";
			projectRoot = "";
			targets = (
				8885C01A247136A3008F8E9A /* KidzoonaAcademyApp */,
				8885C02E247136A5008F8E9A /* KidzoonaAcademyAppTests */,
				8885C039247136A5008F8E9A /* KidzoonaAcademyAppUITests */,
			);
		};
/* End PBXProject section */

/* Begin PBXResourcesBuildPhase section */
		8885C019247136A3008F8E9A /* Resources */ = {
			isa = PBXResourcesBuildPhase;
			buildActionMask = 2147483647;
			files = (
				8885C029247136A5008F8E9A /* LaunchScreen.storyboard in Resources */,
				8885C026247136A5008F8E9A /* Assets.xcassets in Resources */,
				8885C024247136A3008F8E9A /* Main.storyboard in Resources */,
			);
			runOnlyForDeploymentPostprocessing = 0;
		};
		8885C02D247136A5008F8E9A /* Resources */ = {
			isa = PBXResourcesBuildPhase;
			buildActionMask = 2147483647;
			files = (
			);
			runOnlyForDeploymentPostprocessing = 0;
		};
		8885C038247136A5008F8E9A /* Resources */ = {
			isa = PBXResourcesBuildPhase;
			buildActionMask = 2147483647;
			files = (
			);
			runOnlyForDeploymentPostprocessing = 0;
		};
/* End PBXResourcesBuildPhase section */

/* Begin PBXSourcesBuildPhase section */
		8885C017247136A3008F8E9A /* Sources */ = {
			isa = PBXSourcesBuildPhase;
			buildActionMask = 2147483647;
			files = (
				8885C021247136A3008F8E9A /* ViewController.swift in Sources */,
				8885C01F247136A3008F8E9A /* AppDelegate.swift in Sources */,
			);
			runOnlyForDeploymentPostprocessing = 0;
		};
		8885C02B247136A5008F8E9A /* Sources */ = {
			isa = PBXSourcesBuildPhase;
			buildActionMask = 2147483647;
			files = (
				8885C034247136A5008F8E9A /* KidzoonaAcademyAppTests.swift in Sources */,
			);
			runOnlyForDeploymentPostprocessing = 0;
		};
		8885C036247136A5008F8E9A /* Sources */ = {
			isa = PBXSourcesBuildPhase;
			buildActionMask = 2147483647;
			files = (
				8885C03F247136A5008F8E9A /* KidzoonaAcademyAppUITests.swift in Sources */,
			);
			runOnlyForDeploymentPostprocessing = 0;
		};
/* End PBXSourcesBuildPhase section */

/* Begin PBXTargetDependency section */
		8885C031247136A5008F8E9A /* PBXTargetDependency */ = {
			isa = PBXTargetDependency;
			target = 8885C01A247136A3008F8E9A /* KidzoonaAcademyApp */;
			targetProxy = 8885C030247136A5008F8E9A /* PBXContainerItemProxy */;
		};
		8885C03C247136A5008F8E9A /* PBXTargetDependency */ = {
			isa = PBXTargetDependency;
			target = 8885C01A247136A3008F8E9A /* KidzoonaAcademyApp */;
			targetProxy = 8885C03B247136A5008F8E9A /* PBXContainerItemProxy */;
		};
/* End PBXTargetDependency section */

/* Begin PBXVariantGroup section */
		8885C022247136A3008F8E9A /* Main.storyboard */ = {
			isa = PBXVariantGroup;
			children = (
				8885C023247136A3008F8E9A /* Base */,
			);
			name = Main.storyboard;
			sourceTree = "<group>";
		};
		8885C027247136A5008F8E9A /* LaunchScreen.storyboard */ = {
			isa = PBXVariantGroup;
			children = (
				8885C028247136A5008F8E9A /* Base */,
			);
			name = LaunchScreen.storyboard;
			sourceTree = "<group>";
		};
/* End PBXVariantGroup section */

/* Begin XCBuildConfiguration section */
		8885C041247136A5008F8E9A /* Debug */ = {
			isa = XCBuildConfiguration;
			buildSettings = {
				ALWAYS_SEARCH_USER_PATHS = NO;
				CLANG_ANALYZER_NONNULL = YES;
				CLANG_ANALYZER_NUMBER_OBJECT_CONVERSION = YES_AGGRESSIVE;
				CLANG_CXX_LANGUAGE_STANDARD = "gnu++14";
				CLANG_CXX_LIBRARY = "libc++";
				CLANG_ENABLE_MODULES = YES;
				CLANG_ENABLE_OBJC_ARC = YES;
				CLANG_ENABLE_OBJC_WEAK = YES;
				CLANG_WARN_BLOCK_CAPTURE_AUTORELEASING = YES;
				CLANG_WARN_BOOL_CONVERSION = YES;
				CLANG_WARN_COMMA = YES;
				CLANG_WARN_CONSTANT_CONVERSION = YES;
				CLANG_WARN_DEPRECATED_OBJC_IMPLEMENTATIONS = YES;
				CLANG_WARN_DIRECT_OBJC_ISA_USAGE = YES_ERROR;
				CLANG_WARN_DOCUMENTATION_COMMENTS = YES;
				CLANG_WARN_EMPTY_BODY = YES;
				CLANG_WARN_ENUM_CONVERSION = YES;
				CLANG_WARN_INFINITE_RECURSION = YES;
				CLANG_WARN_INT_CONVERSION = YES;
				CLANG_WARN_NON_LITERAL_NULL_CONVERSION = YES;
				CLANG_WARN_OBJC_IMPLICIT_RETAIN_SELF = YES;
				CLANG_WARN_OBJC_LITERAL_CONVERSION = YES;
				CLANG_WARN_OBJC_ROOT_CLASS = YES_ERROR;
				CLANG_WARN_RANGE_LOOP_ANALYSIS = YES;
				CLANG_WARN_STRICT_PROTOTYPES = YES;
				CLANG_WARN_SUSPICIOUS_MOVE = YES;
				CLANG_WARN_UNGUARDED_AVAILABILITY = YES_AGGRESSIVE;
				CLANG_WARN_UNREACHABLE_CODE = YES;
				CLANG_WARN__DUPLICATE_METHOD_MATCH = YES;
				CODE_SIGN_IDENTITY = "iPhone Developer";
				COPY_PHASE_STRIP = NO;
				DEBUG_INFORMATION_FORMAT = dwarf;
				ENABLE_STRICT_OBJC_MSGSEND = YES;
				ENABLE_TESTABILITY = YES;
				GCC_C_LANGUAGE_STANDARD = gnu11;
				GCC_DYNAMIC_NO_PIC = NO;
				GCC_NO_COMMON_BLOCKS = YES;
				GCC_OPTIMIZATION_LEVEL = 0;
				GCC_PREPROCESSOR_DEFINITIONS = (
					"DEBUG=1",
					"$(inherited)",
				);
				GCC_WARN_64_TO_32_BIT_CONVERSION = YES;
				GCC_WARN_ABOUT_RETURN_TYPE = YES_ERROR;
				GCC_WARN_UNDECLARED_SELECTOR = YES;
				GCC_WARN_UNINITIALIZED_AUTOS = YES_AGGRESSIVE;
				GCC_WARN_UNUSED_FUNCTION = YES;
				GCC_WARN_UNUSED_VARIABLE = YES;
				IPHONEOS_DEPLOYMENT_TARGET = 12.1;
				MTL_ENABLE_DEBUG_INFO = INCLUDE_SOURCE;
				MTL_FAST_MATH = YES;
				ONLY_ACTIVE_ARCH = YES;
				SDKROOT = iphoneos;
				SWIFT_ACTIVE_COMPILATION_CONDITIONS = DEBUG;
				SWIFT_OPTIMIZATION_LEVEL = "-Onone";
			};
			name = Debug;
		};
		8885C042247136A5008F8E9A /* Release */ = {
			isa = XCBuildConfiguration;
			buildSettings = {
				ALWAYS_SEARCH_USER_PATHS = NO;
				CLANG_ANALYZER_NONNULL = YES;
				CLANG_ANALYZER_NUMBER_OBJECT_CONVERSION = YES_AGGRESSIVE;
				CLANG_CXX_LANGUAGE_STANDARD = "gnu++14";
				CLANG_CXX_LIBRARY = "libc++";
				CLANG_ENABLE_MODULES = YES;
				CLANG_ENABLE_OBJC_ARC = YES;
				CLANG_ENABLE_OBJC_WEAK = YES;
				CLANG_WARN_BLOCK_CAPTURE_AUTORELEASING = YES;
				CLANG_WARN_BOOL_CONVERSION = YES;
				CLANG_WARN_COMMA = YES;
				CLANG_WARN_CONSTANT_CONVERSION = YES;
				CLANG_WARN_DEPRECATED_OBJC_IMPLEMENTATIONS = YES;
				CLANG_WARN_DIRECT_OBJC_ISA_USAGE = YES_ERROR;
				CLANG_WARN_DOCUMENTATION_COMMENTS = YES;
				CLANG_WARN_EMPTY_BODY = YES;
				CLANG_WARN_ENUM_CONVERSION = YES;
				CLANG_WARN_INFINITE_RECURSION = YES;
				CLANG_WARN_INT_CONVERSION = YES;
				CLANG_WARN_NON_LITERAL_NULL_CONVERSION = YES;
				CLANG_WARN_OBJC_IMPLICIT_RETAIN_SELF = YES;
				CLANG_WARN_OBJC_LITERAL_CONVERSION = YES;
				CLANG_WARN_OBJC_ROOT_CLASS = YES_ERROR;
				CLANG_WARN_RANGE_LOOP_ANALYSIS = YES;
				CLANG_WARN_STRICT_PROTOTYPES = YES;
				CLANG_WARN_SUSPICIOUS_MOVE = YES;
				CLANG_WARN_UNGUARDED_AVAILABILITY = YES_AGGRESSIVE;
				CLANG_WARN_UNREACHABLE_CODE = YES;
				CLANG_WARN__DUPLICATE_METHOD_MATCH = YES;
				CODE_SIGN_IDENTITY = "iPhone Developer";
				COPY_PHASE_STRIP = NO;
				DEBUG_INFORMATION_FORMAT = "dwarf-with-dsym";
				ENABLE_NS_ASSERTIONS = NO;
				ENABLE_STRICT_OBJC_MSGSEND = YES;
				GCC_C_LANGUAGE_STANDARD = gnu11;
				GCC_NO_COMMON_BLOCKS = YES;
				GCC_WARN_64_TO_32_BIT_CONVERSION = YES;
				GCC_WARN_ABOUT_RETURN_TYPE = YES_ERROR;
				GCC_WARN_UNDECLARED_SELECTOR = YES;
				GCC_WARN_UNINITIALIZED_AUTOS = YES_AGGRESSIVE;
				GCC_WARN_UNUSED_FUNCTION = YES;
				GCC_WARN_UNUSED_VARIABLE = YES;
				IPHONEOS_DEPLOYMENT_TARGET = 12.1;
				MTL_ENABLE_DEBUG_INFO = NO;
				MTL_FAST_MATH = YES;
				SDKROOT = iphoneos;
				SWIFT_COMPILATION_MODE = wholemodule;
				SWIFT_OPTIMIZATION_LEVEL = "-O";
				VALIDATE_PRODUCT = YES;
			};
			name = Release;
		};
		8885C044247136A5008F8E9A /* Debug */ = {
			isa = XCBuildConfiguration;
			buildSettings = {
				ASSETCATALOG_COMPILER_APPICON_NAME = AppIcon;
				CODE_SIGN_STYLE = Automatic;
				INFOPLIST_FILE = KidzoonaAcademyApp/Info.plist;
				LD_RUNPATH_SEARCH_PATHS = (
					"$(inherited)",
					"@executable_path/Frameworks",
				);
				PRODUCT_BUNDLE_IDENTIFIER = Marina.KidzoonaAcademyApp;
				PRODUCT_NAME = "$(TARGET_NAME)";
				SWIFT_VERSION = 4.2;
				TARGETED_DEVICE_FAMILY = "1,2";
			};
			name = Debug;
		};
		8885C045247136A5008F8E9A /* Release */ = {
			isa = XCBuildConfiguration;
			buildSettings = {
				ASSETCATALOG_COMPILER_APPICON_NAME = AppIcon;
				CODE_SIGN_STYLE = Automatic;
				INFOPLIST_FILE = KidzoonaAcademyApp/Info.plist;
				LD_RUNPATH_SEARCH_PATHS = (
					"$(inherited)",
					"@executable_path/Frameworks",
				);
				PRODUCT_BUNDLE_IDENTIFIER = Marina.KidzoonaAcademyApp;
				PRODUCT_NAME = "$(TARGET_NAME)";
				SWIFT_VERSION = 4.2;
				TARGETED_DEVICE_FAMILY = "1,2";
			};
			name = Release;
		};
		8885C047247136A5008F8E9A /* Debug */ = {
			isa = XCBuildConfiguration;
			buildSettings = {
				ALWAYS_EMBED_SWIFT_STANDARD_LIBRARIES = YES;
				BUNDLE_LOADER = "$(TEST_HOST)";
				CODE_SIGN_STYLE = Automatic;
				INFOPLIST_FILE = KidzoonaAcademyAppTests/Info.plist;
				LD_RUNPATH_SEARCH_PATHS = (
					"$(inherited)",
					"@executable_path/Frameworks",
					"@loader_path/Frameworks",
				);
				PRODUCT_BUNDLE_IDENTIFIER = Marina.KidzoonaAcademyAppTests;
				PRODUCT_NAME = "$(TARGET_NAME)";
				SWIFT_VERSION = 4.2;
				TARGETED_DEVICE_FAMILY = "1,2";
				TEST_HOST = "$(BUILT_PRODUCTS_DIR)/KidzoonaAcademyApp.app/KidzoonaAcademyApp";
			};
			name = Debug;
		};
		8885C048247136A5008F8E9A /* Release */ = {
			isa = XCBuildConfiguration;
			buildSettings = {
				ALWAYS_EMBED_SWIFT_STANDARD_LIBRARIES = YES;
				BUNDLE_LOADER = "$(TEST_HOST)";
				CODE_SIGN_STYLE = Automatic;
				INFOPLIST_FILE = KidzoonaAcademyAppTests/Info.plist;
				LD_RUNPATH_SEARCH_PATHS = (
					"$(inherited)",
					"@executable_path/Frameworks",
					"@loader_path/Frameworks",
				);
				PRODUCT_BUNDLE_IDENTIFIER = Marina.KidzoonaAcademyAppTests;
				PRODUCT_NAME = "$(TARGET_NAME)";
				SWIFT_VERSION = 4.2;
				TARGETED_DEVICE_FAMILY = "1,2";
				TEST_HOST = "$(BUILT_PRODUCTS_DIR)/KidzoonaAcademyApp.app/KidzoonaAcademyApp";
			};
			name = Release;
		};
		8885C04A247136A5008F8E9A /* Debug */ = {
			isa = XCBuildConfiguration;
			buildSettings = {
				ALWAYS_EMBED_SWIFT_STANDARD_LIBRARIES = YES;
				CODE_SIGN_STYLE = Automatic;
				INFOPLIST_FILE = KidzoonaAcademyAppUITests/Info.plist;
				LD_RUNPATH_SEARCH_PATHS = (
					"$(inherited)",
					"@executable_path/Frameworks",
					"@loader_path/Frameworks",
				);
				PRODUCT_BUNDLE_IDENTIFIER = Marina.KidzoonaAcademyAppUITests;
				PRODUCT_NAME = "$(TARGET_NAME)";
				SWIFT_VERSION = 4.2;
				TARGETED_DEVICE_FAMILY = "1,2";
				TEST_TARGET_NAME = KidzoonaAcademyApp;
			};
			name = Debug;
		};
		8885C04B247136A5008F8E9A /* Release */ = {
			isa = XCBuildConfiguration;
			buildSettings = {
				ALWAYS_EMBED_SWIFT_STANDARD_LIBRARIES = YES;
				CODE_SIGN_STYLE = Automatic;
				INFOPLIST_FILE = KidzoonaAcademyAppUITests/Info.plist;
				LD_RUNPATH_SEARCH_PATHS = (
					"$(inherited)",
					"@executable_path/Frameworks",
					"@loader_path/Frameworks",
				);
				PRODUCT_BUNDLE_IDENTIFIER = Marina.KidzoonaAcademyAppUITests;
				PRODUCT_NAME = "$(TARGET_NAME)";
				SWIFT_VERSION = 4.2;
				TARGETED_DEVICE_FAMILY = "1,2";
				TEST_TARGET_NAME = KidzoonaAcademyApp;
			};
			name = Release;
		};
/* End XCBuildConfiguration section */

/* Begin XCConfigurationList section */
		8885C016247136A3008F8E9A /* Build configuration list for PBXProject "KidzoonaAcademyApp" */ = {
			isa = XCConfigurationList;
			buildConfigurations = (
				8885C041247136A5008F8E9A /* Debug */,
				8885C042247136A5008F8E9A /* Release */,
			);
			defaultConfigurationIsVisible = 0;
			defaultConfigurationName = Release;
		};
		8885C043247136A5008F8E9A /* Build configuration list for PBXNativeTarget "KidzoonaAcademyApp" */ = {
			isa = XCConfigurationList;
			buildConfigurations = (
				8885C044247136A5008F8E9A /* Debug */,
				8885C045247136A5008F8E9A /* Release */,
			);
			defaultConfigurationIsVisible = 0;
			defaultConfigurationName = Release;
		};
		8885C046247136A5008F8E9A /* Build configuration list for PBXNativeTarget "KidzoonaAcademyAppTests" */ = {
			isa = XCConfigurationList;
			buildConfigurations = (
				8885C047247136A5008F8E9A /* Debug */,
				8885C048247136A5008F8E9A /* Release */,
			);
			defaultConfigurationIsVisible = 0;
			defaultConfigurationName = Release;
		};
		8885C049247136A5008F8E9A /* Build configuration list for PBXNativeTarget "KidzoonaAcademyAppUITests" */ = {
			isa = XCConfigurationList;
			buildConfigurations = (
				8885C04A247136A5008F8E9A /* Debug */,
				8885C04B247136A5008F8E9A /* Release */,
			);
			defaultConfigurationIsVisible = 0;
			defaultConfigurationName = Release;
		};
/* End XCConfigurationList section */
	};
	rootObject = 8885C013247136A3008F8E9A /* Project object */;
}
